// !$*UTF8*$!
{
	archiveVersion = 1;
	classes = {
	};
	objectVersion = 56;
	objects = {
		0AE0EDFD07BE557E023744DD /* SpotifyBridge.swift in Sources */ = {isa = PBXBuildFile; fileRef = B2927A1596C952D4FCA2F0F8 /* SpotifyBridge.swift */; };
		58A934212EB5DC54569137F0 /* AppSettings.swift in Sources */ = {isa = PBXBuildFile; fileRef = 4046C4D8EBD80CA1235BEB7F /* AppSettings.swift */; };
		B39530F2EDB4499C233E7BCD /* Constants.swift in Sources */ = {isa = PBXBuildFile; fileRef = 8355D9FF6BCA464998BCEFA1 /* Constants.swift */; };
		B1F5AD860528FDA696CD7988 /* JSStripper.swift in Sources */ = {isa = PBXBuildFile; fileRef = 76D3B5F5E9C01CA4B48BC9C2 /* JSStripper.swift */; };
		9E9C9B6F03B666D98644DA7B /* Support.swift in Sources */ = {isa = PBXBuildFile; fileRef = 1394538E5A4F6F28799026BE /* Support.swift */; };
		891D4BC965D803F7515561FE /* CarPlayManager.swift in Sources */ = {isa = PBXBuildFile; fileRef = FDFF79658F68EC73B7173931 /* CarPlayManager.swift */; };
		271F435F3EAA56CC15CEAB5C /* NowPlayingManager.swift in Sources */ = {isa = PBXBuildFile; fileRef = 77C66AB3B9434A84A6B43AA0 /* NowPlayingManager.swift */; };
		2742406BDA7530C5743FE365 /* MuseMobileApp.swift in Sources */ = {isa = PBXBuildFile; fileRef = 3881BC9B84A88A229BFA3A0D /* MuseMobileApp.swift */; };
		D06B53B21C202DB4758AE266 /* DownloadManager.swift in Sources */ = {isa = PBXBuildFile; fileRef = FB92AAEB5E3443BAA5745B32 /* DownloadManager.swift */; };
		69BA04438A124131C535BDA3 /* OfflineStore.swift in Sources */ = {isa = PBXBuildFile; fileRef = E1F8E810C92F91BD6BA6EA40 /* OfflineStore.swift */; };
		EBA30B62F46DF40C1BFCD748 /* LocalProxyManager.swift in Sources */ = {isa = PBXBuildFile; fileRef = 8B0E9D9937A32744ADFDA7A2 /* LocalProxyManager.swift */; };
		DB6A57457EE711548364B68A /* MainView.swift in Sources */ = {isa = PBXBuildFile; fileRef = 1D788A6E427A159F30FC73BA /* MainView.swift */; };
		967FEA0E4AD014F34E315170 /* OfflineView.swift in Sources */ = {isa = PBXBuildFile; fileRef = B010B80EF94206733EB6C443 /* OfflineView.swift */; };
		CB88502DFAF5F36D7DED0F29 /* RootView.swift in Sources */ = {isa = PBXBuildFile; fileRef = BCB286A769FDEF5BFF58FF77 /* RootView.swift */; };
		13297F2A9C3E4B738265A99B /* SettingsView.swift in Sources */ = {isa = PBXBuildFile; fileRef = C5B50CF5CEF483D7434A8F0A /* SettingsView.swift */; };
		468EA9DB34102CFB86C2B0D6 /* Updater.swift in Sources */ = {isa = PBXBuildFile; fileRef = 5FE27E1272C1ABF8E21B93CD /* Updater.swift */; };
		9919265152C00A37315C2F2B /* AdBlocker.swift in Sources */ = {isa = PBXBuildFile; fileRef = 0DC7764D8CCB834C91FC8537 /* AdBlocker.swift */; };
		53A7DFF3EB81967527C00BA5 /* AdIdStore.swift in Sources */ = {isa = PBXBuildFile; fileRef = DE158AB368D085551CFAD209 /* AdIdStore.swift */; };
		D5246EF94A5222DE8DF3BDDB /* InjectionLoader.swift in Sources */ = {isa = PBXBuildFile; fileRef = 6256851EA09521071322B8DF /* InjectionLoader.swift */; };
		328027F2FEC2443985390F00 /* SpotifyWebView.swift in Sources */ = {isa = PBXBuildFile; fileRef = 125F17004D878E5935227446 /* SpotifyWebView.swift */; };
		6525C282CD340432021535A2 /* ThemeJS.swift in Sources */ = {isa = PBXBuildFile; fileRef = 741ABF5DD39BEC78DCBE67D1 /* ThemeJS.swift */; };
		4000A969FD502E3228D7CAC1 /* InnerTube.swift in Sources */ = {isa = PBXBuildFile; fileRef = 3F5F98597D6200A160A0DDC4 /* InnerTube.swift */; };
		344016842502A0E8213EC1E0 /* YTPlayerResolver.swift in Sources */ = {isa = PBXBuildFile; fileRef = F17AF1E5BD2540C211CF90FE /* YTPlayerResolver.swift */; };
		83188E83B21F5DA7EA38BD7B /* __BridgeShim.js in Resources */ = {isa = PBXBuildFile; fileRef = 0C870727BA2F88807C709305 /* __BridgeShim.js */; };
		3575FE275D3E3E99411C9238 /* Adblockify.js in Resources */ = {isa = PBXBuildFile; fileRef = 17C87AFBC75E373E21DAA8DD /* Adblockify.js */; };
		295C862E0999F4CCA55F659B /* AdStateHook.js in Resources */ = {isa = PBXBuildFile; fileRef = B8A8601292D2F51BD2AE5BEE /* AdStateHook.js */; };
		F49F6173DF9184A686C14EE4 /* AndroidAuto.js in Resources */ = {isa = PBXBuildFile; fileRef = ABD3B33301A9D60E9ED9214A /* AndroidAuto.js */; };
		F1DED37C1F6743095E412F05 /* AndroidTracker.js in Resources */ = {isa = PBXBuildFile; fileRef = 05DED1E1A0082F01FF14E584 /* AndroidTracker.js */; };
		2E525A073A4699ED3532848B /* AutoFeatures.js in Resources */ = {isa = PBXBuildFile; fileRef = 28E8466280DD3EC5832E490B /* AutoFeatures.js */; };
		90B8996A756DB77C87B12CF3 /* BrowserSpoof.js in Resources */ = {isa = PBXBuildFile; fileRef = 7CDA9DBA49022051EB75FFF4 /* BrowserSpoof.js */; };
		1A40F9B543CE53664F8D2934 /* ClassicBridge.js in Resources */ = {isa = PBXBuildFile; fileRef = A8CD0A9B71C8C0B52454CE29 /* ClassicBridge.js */; };
		31C1F7FEE51ECBD80577E702 /* ClassicLoginButton.js in Resources */ = {isa = PBXBuildFile; fileRef = 0D005EB5798E340B51F49425 /* ClassicLoginButton.js */; };
		0DA124E721533376C74C7853 /* CollectionDownload.js in Resources */ = {isa = PBXBuildFile; fileRef = 13EB5624C652FE9E56CEE569 /* CollectionDownload.js */; };
		51A24483B5E8FDDDB1642CB7 /* ContextMenuDownload.js in Resources */ = {isa = PBXBuildFile; fileRef = 284273DCE265BBDC76AE7A8D /* ContextMenuDownload.js */; };
		95C8803380229350C2744C53 /* CssHack.js in Resources */ = {isa = PBXBuildFile; fileRef = 94C0CD6A0FBBE016B35A632D /* CssHack.js */; };
		46928104ACCA04F65D171420 /* DownloadButton.js in Resources */ = {isa = PBXBuildFile; fileRef = 8EE50C7D9E9C2F2D5552D39C /* DownloadButton.js */; };
		AE88677B5FB62F578F48F450 /* DownloadProgress.js in Resources */ = {isa = PBXBuildFile; fileRef = 43797E119669812C8E3F28AB /* DownloadProgress.js */; };
		AA173C32519DC98C7F5A3522 /* ErrorDialogRestyle.js in Resources */ = {isa = PBXBuildFile; fileRef = 157F400F370DB5980677E72C /* ErrorDialogRestyle.js */; };
		3EE7F96A93FFA7176B2CC941 /* FbGdprBypass.js in Resources */ = {isa = PBXBuildFile; fileRef = 99DDAA25A12C5787245F07B3 /* FbGdprBypass.js */; };
		686E9C971CD24A94CD8799A0 /* FetchOverride.js in Resources */ = {isa = PBXBuildFile; fileRef = D868F1F6A4DF9748698DB91E /* FetchOverride.js */; };
		EACD739CAAC903E91CE876EB /* GaBlocker.js in Resources */ = {isa = PBXBuildFile; fileRef = B1BE7AD80EB691345D9DA5BA /* GaBlocker.js */; };
		0D355A268C158083CC7EF38D /* GoogleSpoof.js in Resources */ = {isa = PBXBuildFile; fileRef = 6F9C7E200123ED50DC6169CE /* GoogleSpoof.js */; };
		C9AF4F20F5ECECC3258AF93B /* LibraryAutoClose.js in Resources */ = {isa = PBXBuildFile; fileRef = 5CE9A31DF006D13EDCA380B8 /* LibraryAutoClose.js */; };
		43CB6E91B925F2D9EFB991BC /* LibraryFetcher.js in Resources */ = {isa = PBXBuildFile; fileRef = 64F20B6FED38FA1C88594E98 /* LibraryFetcher.js */; };
		0823763613055525990AB640 /* LibraryParser.js in Resources */ = {isa = PBXBuildFile; fileRef = 16FC934B8118870DD78C47D3 /* LibraryParser.js */; };
		341540F81811C052465EE59E /* LoginDetection.js in Resources */ = {isa = PBXBuildFile; fileRef = D3E4832C03A5D6CF1B8FE9AC /* LoginDetection.js */; };
		2B39EA99729562417AB5E10F /* LogoutCheck.js in Resources */ = {isa = PBXBuildFile; fileRef = BC294F414F1E4F91D0B6A8D4 /* LogoutCheck.js */; };
		EC7EB8BDCD512587EBD33EE2 /* LyricsSyncFix.js in Resources */ = {isa = PBXBuildFile; fileRef = 6CEBD1D83BCBF91AFCCC3EE6 /* LyricsSyncFix.js */; };
		C94AF0A2A8FD0EAF83583D8D /* MainLoop.js in Resources */ = {isa = PBXBuildFile; fileRef = CEA94D94DCDC41821BFF2EFF /* MainLoop.js */; };
		2534CF3AE3875F8986052263 /* MediaUpdater.js in Resources */ = {isa = PBXBuildFile; fileRef = 9508C6A6974509427F6B6AFE /* MediaUpdater.js */; };
		4CB37A99F1ECB9EB86629286 /* ModalFix.js in Resources */ = {isa = PBXBuildFile; fileRef = AD3DEE508ADF0C827AAA9A63 /* ModalFix.js */; };
		7244A08044A00ABB86EFEE13 /* MuseMobilePlayer.js in Resources */ = {isa = PBXBuildFile; fileRef = 9465D0AE55B95EFDDFF18746 /* MuseMobilePlayer.js */; };
		B1554A4B7339F4DCA7D8F25A /* PlaybackControls.js in Resources */ = {isa = PBXBuildFile; fileRef = 7D20BAB6BA6C1D12FEDEC42D /* PlaybackControls.js */; };
		D301CA0E2DAF746B3A4E1F8B /* PlayerCore.js in Resources */ = {isa = PBXBuildFile; fileRef = 817E11E76756F3719A0A07D7 /* PlayerCore.js */; };
		EEA1D6D947155916A347742D /* PowerSave.js in Resources */ = {isa = PBXBuildFile; fileRef = 018793F78268EDFC03EBE2BE /* PowerSave.js */; };
		10EA45521631569D5BE71997 /* QueueAutoClose.js in Resources */ = {isa = PBXBuildFile; fileRef = A642C93270BBAC05338452E0 /* QueueAutoClose.js */; };
		34AEE898F1E088405E04E17E /* SearchOverlay.js in Resources */ = {isa = PBXBuildFile; fileRef = 36B78E09A9E0154A81E999FB /* SearchOverlay.js */; };
		CEC2896A37CE8FA59F634E57 /* SettingsFix.js in Resources */ = {isa = PBXBuildFile; fileRef = A143558830DF4A39BA1732CD /* SettingsFix.js */; };
		DA062E8520601C9BF4BEE4FB /* ToastFix.js in Resources */ = {isa = PBXBuildFile; fileRef = 2966B2CDF2A62C09FA08B291 /* ToastFix.js */; };
		C8A7A953D6083D8AB377F0B9 /* TrackObserver.js in Resources */ = {isa = PBXBuildFile; fileRef = 5ACE8CE37F003362C540DFD2 /* TrackObserver.js */; };
		AC5714D59C1B6D2F8D0B76F2 /* VideoPark.js in Resources */ = {isa = PBXBuildFile; fileRef = 5809A8088B90C30F38398E1D /* VideoPark.js */; };
		E6BF3D275DCF51E2CE724B56 /* WorkerNeutralize.js in Resources */ = {isa = PBXBuildFile; fileRef = C137265C17401CBEC90CDF04 /* WorkerNeutralize.js */; };
		943D8BF09B4FD7E26E597097 /* silent.wav in Resources */ = {isa = PBXBuildFile; fileRef = 89B24BF24C6B1F482F33E8D1 /* silent.wav */; };
		B2927A1596C952D4FCA2F0F8 /* SpotifyBridge.swift */ = {isa = PBXFileReference; lastKnownFileType = sourcecode.swift; name = "SpotifyBridge.swift"; path = "SpotifyBridge.swift"; sourceTree = "<group>"; };
		4046C4D8EBD80CA1235BEB7F /* AppSettings.swift */ = {isa = PBXFileReference; lastKnownFileType = sourcecode.swift; name = "AppSettings.swift"; path = "AppSettings.swift"; sourceTree = "<group>"; };
		8355D9FF6BCA464998BCEFA1 /* Constants.swift */ = {isa = PBXFileReference; lastKnownFileType = sourcecode.swift; name = "Constants.swift"; path = "Constants.swift"; sourceTree = "<group>"; };
		76D3B5F5E9C01CA4B48BC9C2 /* JSStripper.swift */ = {isa = PBXFileReference; lastKnownFileType = sourcecode.swift; name = "JSStripper.swift"; path = "JSStripper.swift"; sourceTree = "<group>"; };
		1394538E5A4F6F28799026BE /* Support.swift */ = {isa = PBXFileReference; lastKnownFileType = sourcecode.swift; name = "Support.swift"; path = "Support.swift"; sourceTree = "<group>"; };
		FDFF79658F68EC73B7173931 /* CarPlayManager.swift */ = {isa = PBXFileReference; lastKnownFileType = sourcecode.swift; name = "CarPlayManager.swift"; path = "CarPlayManager.swift"; sourceTree = "<group>"; };
		77C66AB3B9434A84A6B43AA0 /* NowPlayingManager.swift */ = {isa = PBXFileReference; lastKnownFileType = sourcecode.swift; name = "NowPlayingManager.swift"; path = "NowPlayingManager.swift"; sourceTree = "<group>"; };
		3881BC9B84A88A229BFA3A0D /* MuseMobileApp.swift */ = {isa = PBXFileReference; lastKnownFileType = sourcecode.swift; name = "MuseMobileApp.swift"; path = "MuseMobileApp.swift"; sourceTree = "<group>"; };
		FB92AAEB5E3443BAA5745B32 /* DownloadManager.swift */ = {isa = PBXFileReference; lastKnownFileType = sourcecode.swift; name = "DownloadManager.swift"; path = "DownloadManager.swift"; sourceTree = "<group>"; };
		E1F8E810C92F91BD6BA6EA40 /* OfflineStore.swift */ = {isa = PBXFileReference; lastKnownFileType = sourcecode.swift; name = "OfflineStore.swift"; path = "OfflineStore.swift"; sourceTree = "<group>"; };
		8B0E9D9937A32744ADFDA7A2 /* LocalProxyManager.swift */ = {isa = PBXFileReference; lastKnownFileType = sourcecode.swift; name = "LocalProxyManager.swift"; path = "LocalProxyManager.swift"; sourceTree = "<group>"; };
		1D788A6E427A159F30FC73BA /* MainView.swift */ = {isa = PBXFileReference; lastKnownFileType = sourcecode.swift; name = "MainView.swift"; path = "MainView.swift"; sourceTree = "<group>"; };
		B010B80EF94206733EB6C443 /* OfflineView.swift */ = {isa = PBXFileReference; lastKnownFileType = sourcecode.swift; name = "OfflineView.swift"; path = "OfflineView.swift"; sourceTree = "<group>"; };
		BCB286A769FDEF5BFF58FF77 /* RootView.swift */ = {isa = PBXFileReference; lastKnownFileType = sourcecode.swift; name = "RootView.swift"; path = "RootView.swift"; sourceTree = "<group>"; };
		C5B50CF5CEF483D7434A8F0A /* SettingsView.swift */ = {isa = PBXFileReference; lastKnownFileType = sourcecode.swift; name = "SettingsView.swift"; path = "SettingsView.swift"; sourceTree = "<group>"; };
		5FE27E1272C1ABF8E21B93CD /* Updater.swift */ = {isa = PBXFileReference; lastKnownFileType = sourcecode.swift; name = "Updater.swift"; path = "Updater.swift"; sourceTree = "<group>"; };
		0DC7764D8CCB834C91FC8537 /* AdBlocker.swift */ = {isa = PBXFileReference; lastKnownFileType = sourcecode.swift; name = "AdBlocker.swift"; path = "AdBlocker.swift"; sourceTree = "<group>"; };
		DE158AB368D085551CFAD209 /* AdIdStore.swift */ = {isa = PBXFileReference; lastKnownFileType = sourcecode.swift; name = "AdIdStore.swift"; path = "AdIdStore.swift"; sourceTree = "<group>"; };
		6256851EA09521071322B8DF /* InjectionLoader.swift */ = {isa = PBXFileReference; lastKnownFileType = sourcecode.swift; name = "InjectionLoader.swift"; path = "InjectionLoader.swift"; sourceTree = "<group>"; };
		125F17004D878E5935227446 /* SpotifyWebView.swift */ = {isa = PBXFileReference; lastKnownFileType = sourcecode.swift; name = "SpotifyWebView.swift"; path = "SpotifyWebView.swift"; sourceTree = "<group>"; };
		741ABF5DD39BEC78DCBE67D1 /* ThemeJS.swift */ = {isa = PBXFileReference; lastKnownFileType = sourcecode.swift; name = "ThemeJS.swift"; path = "ThemeJS.swift"; sourceTree = "<group>"; };
		3F5F98597D6200A160A0DDC4 /* InnerTube.swift */ = {isa = PBXFileReference; lastKnownFileType = sourcecode.swift; name = "InnerTube.swift"; path = "InnerTube.swift"; sourceTree = "<group>"; };
		F17AF1E5BD2540C211CF90FE /* YTPlayerResolver.swift */ = {isa = PBXFileReference; lastKnownFileType = sourcecode.swift; name = "YTPlayerResolver.swift"; path = "YTPlayerResolver.swift"; sourceTree = "<group>"; };
		0C870727BA2F88807C709305 /* __BridgeShim.js */ = {isa = PBXFileReference; lastKnownFileType = sourcecode.javascript; name = "__BridgeShim.js"; path = "__BridgeShim.js"; sourceTree = "<group>"; };
		17C87AFBC75E373E21DAA8DD /* Adblockify.js */ = {isa = PBXFileReference; lastKnownFileType = sourcecode.javascript; name = "Adblockify.js"; path = "Adblockify.js"; sourceTree = "<group>"; };
		B8A8601292D2F51BD2AE5BEE /* AdStateHook.js */ = {isa = PBXFileReference; lastKnownFileType = sourcecode.javascript; name = "AdStateHook.js"; path = "AdStateHook.js"; sourceTree = "<group>"; };
		ABD3B33301A9D60E9ED9214A /* AndroidAuto.js */ = {isa = PBXFileReference; lastKnownFileType = sourcecode.javascript; name = "AndroidAuto.js"; path = "AndroidAuto.js"; sourceTree = "<group>"; };
		05DED1E1A0082F01FF14E584 /* AndroidTracker.js */ = {isa = PBXFileReference; lastKnownFileType = sourcecode.javascript; name = "AndroidTracker.js"; path = "AndroidTracker.js"; sourceTree = "<group>"; };
		28E8466280DD3EC5832E490B /* AutoFeatures.js */ = {isa = PBXFileReference; lastKnownFileType = sourcecode.javascript; name = "AutoFeatures.js"; path = "AutoFeatures.js"; sourceTree = "<group>"; };
		7CDA9DBA49022051EB75FFF4 /* BrowserSpoof.js */ = {isa = PBXFileReference; lastKnownFileType = sourcecode.javascript; name = "BrowserSpoof.js"; path = "BrowserSpoof.js"; sourceTree = "<group>"; };
		A8CD0A9B71C8C0B52454CE29 /* ClassicBridge.js */ = {isa = PBXFileReference; lastKnownFileType = sourcecode.javascript; name = "ClassicBridge.js"; path = "ClassicBridge.js"; sourceTree = "<group>"; };
		0D005EB5798E340B51F49425 /* ClassicLoginButton.js */ = {isa = PBXFileReference; lastKnownFileType = sourcecode.javascript; name = "ClassicLoginButton.js"; path = "ClassicLoginButton.js"; sourceTree = "<group>"; };
		13EB5624C652FE9E56CEE569 /* CollectionDownload.js */ = {isa = PBXFileReference; lastKnownFileType = sourcecode.javascript; name = "CollectionDownload.js"; path = "CollectionDownload.js"; sourceTree = "<group>"; };
		284273DCE265BBDC76AE7A8D /* ContextMenuDownload.js */ = {isa = PBXFileReference; lastKnownFileType = sourcecode.javascript; name = "ContextMenuDownload.js"; path = "ContextMenuDownload.js"; sourceTree = "<group>"; };
		94C0CD6A0FBBE016B35A632D /* CssHack.js */ = {isa = PBXFileReference; lastKnownFileType = sourcecode.javascript; name = "CssHack.js"; path = "CssHack.js"; sourceTree = "<group>"; };
		8EE50C7D9E9C2F2D5552D39C /* DownloadButton.js */ = {isa = PBXFileReference; lastKnownFileType = sourcecode.javascript; name = "DownloadButton.js"; path = "DownloadButton.js"; sourceTree = "<group>"; };
		43797E119669812C8E3F28AB /* DownloadProgress.js */ = {isa = PBXFileReference; lastKnownFileType = sourcecode.javascript; name = "DownloadProgress.js"; path = "DownloadProgress.js"; sourceTree = "<group>"; };
		157F400F370DB5980677E72C /* ErrorDialogRestyle.js */ = {isa = PBXFileReference; lastKnownFileType = sourcecode.javascript; name = "ErrorDialogRestyle.js"; path = "ErrorDialogRestyle.js"; sourceTree = "<group>"; };
		99DDAA25A12C5787245F07B3 /* FbGdprBypass.js */ = {isa = PBXFileReference; lastKnownFileType = sourcecode.javascript; name = "FbGdprBypass.js"; path = "FbGdprBypass.js"; sourceTree = "<group>"; };
		D868F1F6A4DF9748698DB91E /* FetchOverride.js */ = {isa = PBXFileReference; lastKnownFileType = sourcecode.javascript; name = "FetchOverride.js"; path = "FetchOverride.js"; sourceTree = "<group>"; };
		B1BE7AD80EB691345D9DA5BA /* GaBlocker.js */ = {isa = PBXFileReference; lastKnownFileType = sourcecode.javascript; name = "GaBlocker.js"; path = "GaBlocker.js"; sourceTree = "<group>"; };
		6F9C7E200123ED50DC6169CE /* GoogleSpoof.js */ = {isa = PBXFileReference; lastKnownFileType = sourcecode.javascript; name = "GoogleSpoof.js"; path = "GoogleSpoof.js"; sourceTree = "<group>"; };
		5CE9A31DF006D13EDCA380B8 /* LibraryAutoClose.js */ = {isa = PBXFileReference; lastKnownFileType = sourcecode.javascript; name = "LibraryAutoClose.js"; path = "LibraryAutoClose.js"; sourceTree = "<group>"; };
		64F20B6FED38FA1C88594E98 /* LibraryFetcher.js */ = {isa = PBXFileReference; lastKnownFileType = sourcecode.javascript; name = "LibraryFetcher.js"; path = "LibraryFetcher.js"; sourceTree = "<group>"; };
		16FC934B8118870DD78C47D3 /* LibraryParser.js */ = {isa = PBXFileReference; lastKnownFileType = sourcecode.javascript; name = "LibraryParser.js"; path = "LibraryParser.js"; sourceTree = "<group>"; };
		D3E4832C03A5D6CF1B8FE9AC /* LoginDetection.js */ = {isa = PBXFileReference; lastKnownFileType = sourcecode.javascript; name = "LoginDetection.js"; path = "LoginDetection.js"; sourceTree = "<group>"; };
		BC294F414F1E4F91D0B6A8D4 /* LogoutCheck.js */ = {isa = PBXFileReference; lastKnownFileType = sourcecode.javascript; name = "LogoutCheck.js"; path = "LogoutCheck.js"; sourceTree = "<group>"; };
		6CEBD1D83BCBF91AFCCC3EE6 /* LyricsSyncFix.js */ = {isa = PBXFileReference; lastKnownFileType = sourcecode.javascript; name = "LyricsSyncFix.js"; path = "LyricsSyncFix.js"; sourceTree = "<group>"; };
		CEA94D94DCDC41821BFF2EFF /* MainLoop.js */ = {isa = PBXFileReference; lastKnownFileType = sourcecode.javascript; name = "MainLoop.js"; path = "MainLoop.js"; sourceTree = "<group>"; };
		9508C6A6974509427F6B6AFE /* MediaUpdater.js */ = {isa = PBXFileReference; lastKnownFileType = sourcecode.javascript; name = "MediaUpdater.js"; path = "MediaUpdater.js"; sourceTree = "<group>"; };
		AD3DEE508ADF0C827AAA9A63 /* ModalFix.js */ = {isa = PBXFileReference; lastKnownFileType = sourcecode.javascript; name = "ModalFix.js"; path = "ModalFix.js"; sourceTree = "<group>"; };
		9465D0AE55B95EFDDFF18746 /* MuseMobilePlayer.js */ = {isa = PBXFileReference; lastKnownFileType = sourcecode.javascript; name = "MuseMobilePlayer.js"; path = "MuseMobilePlayer.js"; sourceTree = "<group>"; };
		7D20BAB6BA6C1D12FEDEC42D /* PlaybackControls.js */ = {isa = PBXFileReference; lastKnownFileType = sourcecode.javascript; name = "PlaybackControls.js"; path = "PlaybackControls.js"; sourceTree = "<group>"; };
		817E11E76756F3719A0A07D7 /* PlayerCore.js */ = {isa = PBXFileReference; lastKnownFileType = sourcecode.javascript; name = "PlayerCore.js"; path = "PlayerCore.js"; sourceTree = "<group>"; };
		018793F78268EDFC03EBE2BE /* PowerSave.js */ = {isa = PBXFileReference; lastKnownFileType = sourcecode.javascript; name = "PowerSave.js"; path = "PowerSave.js"; sourceTree = "<group>"; };
		A642C93270BBAC05338452E0 /* QueueAutoClose.js */ = {isa = PBXFileReference; lastKnownFileType = sourcecode.javascript; name = "QueueAutoClose.js"; path = "QueueAutoClose.js"; sourceTree = "<group>"; };
		36B78E09A9E0154A81E999FB /* SearchOverlay.js */ = {isa = PBXFileReference; lastKnownFileType = sourcecode.javascript; name = "SearchOverlay.js"; path = "SearchOverlay.js"; sourceTree = "<group>"; };
		A143558830DF4A39BA1732CD /* SettingsFix.js */ = {isa = PBXFileReference; lastKnownFileType = sourcecode.javascript; name = "SettingsFix.js"; path = "SettingsFix.js"; sourceTree = "<group>"; };
		2966B2CDF2A62C09FA08B291 /* ToastFix.js */ = {isa = PBXFileReference; lastKnownFileType = sourcecode.javascript; name = "ToastFix.js"; path = "ToastFix.js"; sourceTree = "<group>"; };
		5ACE8CE37F003362C540DFD2 /* TrackObserver.js */ = {isa = PBXFileReference; lastKnownFileType = sourcecode.javascript; name = "TrackObserver.js"; path = "TrackObserver.js"; sourceTree = "<group>"; };
		5809A8088B90C30F38398E1D /* VideoPark.js */ = {isa = PBXFileReference; lastKnownFileType = sourcecode.javascript; name = "VideoPark.js"; path = "VideoPark.js"; sourceTree = "<group>"; };
		C137265C17401CBEC90CDF04 /* WorkerNeutralize.js */ = {isa = PBXFileReference; lastKnownFileType = sourcecode.javascript; name = "WorkerNeutralize.js"; path = "WorkerNeutralize.js"; sourceTree = "<group>"; };
		89B24BF24C6B1F482F33E8D1 /* silent.wav */ = {isa = PBXFileReference; lastKnownFileType = audio.wav; name = "silent.wav"; path = "silent.wav"; sourceTree = "<group>"; };
		68E77A9D7BC78A97D4F4E27B /* Info.plist */ = {isa = PBXFileReference; lastKnownFileType = text.plist.xml; name = Info.plist; path = Info.plist; sourceTree = "<group>"; };
		6C36FFE920F24CEDB7CFDBFC /* Assets.xcassets */ = {isa = PBXFileReference; lastKnownFileType = folder.assetcatalog; name = Assets.xcassets; path = Assets.xcassets; sourceTree = "<group>"; };
		222F0DBFFE5EB23DCD3FD16F /* Assets.xcassets in Resources */ = {isa = PBXBuildFile; fileRef = 6C36FFE920F24CEDB7CFDBFC /* Assets.xcassets */; };
		6D795F13C8C22E022040EE00 /* MuseMobileiOS.app */ = {isa = PBXFileReference; explicitFileType = wrapper.application; includeInIndex = 0; path = MuseMobileiOS.app; sourceTree = BUILT_PRODUCTS_DIR; };
		05E1B6709B573B6A023CF54D /* Bridge */ = {isa = PBXGroup; children = (B2927A1596C952D4FCA2F0F8 /* x */,); name = "Bridge"; path = "Bridge"; sourceTree = "<group>"; };
		410188F9DC6E499FEC68BCF6 /* Core */ = {isa = PBXGroup; children = (4046C4D8EBD80CA1235BEB7F /* x */, 8355D9FF6BCA464998BCEFA1 /* x */, 76D3B5F5E9C01CA4B48BC9C2 /* x */, 1394538E5A4F6F28799026BE /* x */,); name = "Core"; path = "Core"; sourceTree = "<group>"; };
		3DE77E1AFCC4ACA61A7756B7 /* Media */ = {isa = PBXGroup; children = (FDFF79658F68EC73B7173931 /* x */, 77C66AB3B9434A84A6B43AA0 /* x */,); name = "Media"; path = "Media"; sourceTree = "<group>"; };
		A21EB0EBBC35EAAC143668E4 /* Offline */ = {isa = PBXGroup; children = (FB92AAEB5E3443BAA5745B32 /* x */, E1F8E810C92F91BD6BA6EA40 /* x */,); name = "Offline"; path = "Offline"; sourceTree = "<group>"; };
		9DA2A4D68D82ECDF40B8E7A1 /* Proxy */ = {isa = PBXGroup; children = (8B0E9D9937A32744ADFDA7A2 /* x */,); name = "Proxy"; path = "Proxy"; sourceTree = "<group>"; };
		C0E2252AFA1180F1B1FAB825 /* UI */ = {isa = PBXGroup; children = (1D788A6E427A159F30FC73BA /* x */, B010B80EF94206733EB6C443 /* x */, BCB286A769FDEF5BFF58FF77 /* x */, C5B50CF5CEF483D7434A8F0A /* x */,); name = "UI"; path = "UI"; sourceTree = "<group>"; };
		AD8D00BABE321C4C5750A89C /* Updater */ = {isa = PBXGroup; children = (5FE27E1272C1ABF8E21B93CD /* x */,); name = "Updater"; path = "Updater"; sourceTree = "<group>"; };
		9E8191CD8A03A7B5FF478C7E /* WebView */ = {isa = PBXGroup; children = (0DC7764D8CCB834C91FC8537 /* x */, DE158AB368D085551CFAD209 /* x */, 6256851EA09521071322B8DF /* x */, 125F17004D878E5935227446 /* x */, 741ABF5DD39BEC78DCBE67D1 /* x */,); name = "WebView"; path = "WebView"; sourceTree = "<group>"; };
		40686821ED1FAC5ADDC6C1E3 /* YouTube */ = {isa = PBXGroup; children = (3F5F98597D6200A160A0DDC4 /* x */, F17AF1E5BD2540C211CF90FE /* x */,); name = "YouTube"; path = "YouTube"; sourceTree = "<group>"; };
		A024F06580C79B7582C3806A /* Resources */ = {isa = PBXGroup; children = (89B24BF24C6B1F482F33E8D1 /* x */, F4962583B4A53C62C9AD7D23 /* x */,); name = "Resources"; path = "Resources"; sourceTree = "<group>"; };
		F4962583B4A53C62C9AD7D23 /* JS */ = {isa = PBXGroup; children = (0C870727BA2F88807C709305 /* x */, 17C87AFBC75E373E21DAA8DD /* x */, B8A8601292D2F51BD2AE5BEE /* x */, ABD3B33301A9D60E9ED9214A /* x */, 05DED1E1A0082F01FF14E584 /* x */, 28E8466280DD3EC5832E490B /* x */, 7CDA9DBA49022051EB75FFF4 /* x */, A8CD0A9B71C8C0B52454CE29 /* x */, 0D005EB5798E340B51F49425 /* x */, 13EB5624C652FE9E56CEE569 /* x */, 284273DCE265BBDC76AE7A8D /* x */, 94C0CD6A0FBBE016B35A632D /* x */, 8EE50C7D9E9C2F2D5552D39C /* x */, 43797E119669812C8E3F28AB /* x */, 157F400F370DB5980677E72C /* x */, 99DDAA25A12C5787245F07B3 /* x */, D868F1F6A4DF9748698DB91E /* x */, B1BE7AD80EB691345D9DA5BA /* x */, 6F9C7E200123ED50DC6169CE /* x */, 5CE9A31DF006D13EDCA380B8 /* x */, 64F20B6FED38FA1C88594E98 /* x */, 16FC934B8118870DD78C47D3 /* x */, D3E4832C03A5D6CF1B8FE9AC /* x */, BC294F414F1E4F91D0B6A8D4 /* x */, 6CEBD1D83BCBF91AFCCC3EE6 /* x */, CEA94D94DCDC41821BFF2EFF /* x */, 9508C6A6974509427F6B6AFE /* x */, AD3DEE508ADF0C827AAA9A63 /* x */, 9465D0AE55B95EFDDFF18746 /* x */, 7D20BAB6BA6C1D12FEDEC42D /* x */, 817E11E76756F3719A0A07D7 /* x */, 018793F78268EDFC03EBE2BE /* x */, A642C93270BBAC05338452E0 /* x */, 36B78E09A9E0154A81E999FB /* x */, A143558830DF4A39BA1732CD /* x */, 2966B2CDF2A62C09FA08B291 /* x */, 5ACE8CE37F003362C540DFD2 /* x */, 5809A8088B90C30F38398E1D /* x */, C137265C17401CBEC90CDF04 /* x */,); name = "JS"; path = "JS"; sourceTree = "<group>"; };
		3A2A88DEEFF3D1D23E496597 /* MuseMobileiOS */ = {isa = PBXGroup; children = (68E77A9D7BC78A97D4F4E27B /* Info.plist */, 6C36FFE920F24CEDB7CFDBFC /* Assets.xcassets */, 3881BC9B84A88A229BFA3A0D /* x */, 05E1B6709B573B6A023CF54D /* Bridge */, 410188F9DC6E499FEC68BCF6 /* Core */, 3DE77E1AFCC4ACA61A7756B7 /* Media */, A21EB0EBBC35EAAC143668E4 /* Offline */, 9DA2A4D68D82ECDF40B8E7A1 /* Proxy */, C0E2252AFA1180F1B1FAB825 /* UI */, AD8D00BABE321C4C5750A89C /* Updater */, 9E8191CD8A03A7B5FF478C7E /* WebView */, 40686821ED1FAC5ADDC6C1E3 /* YouTube */, A024F06580C79B7582C3806A /* Resources */,); path = MuseMobileiOS; sourceTree = "<group>"; };
		4FCFB17C3E55E8A168D5907F /* Products */ = {isa = PBXGroup; children = (6D795F13C8C22E022040EE00 /* MuseMobileiOS.app */,); name = Products; sourceTree = "<group>"; };
		EDA6D6223944636B9C5B54AA = {isa = PBXGroup; children = (3A2A88DEEFF3D1D23E496597 /* MuseMobileiOS */, 4FCFB17C3E55E8A168D5907F /* Products */,); sourceTree = "<group>"; };
		BCE16DD0260827ECF338C787 /* Sources */ = {isa = PBXSourcesBuildPhase; buildActionMask = 2147483647; files = (0AE0EDFD07BE557E023744DD /* SpotifyBridge.swift in Sources */, 58A934212EB5DC54569137F0 /* AppSettings.swift in Sources */, B39530F2EDB4499C233E7BCD /* Constants.swift in Sources */, B1F5AD860528FDA696CD7988 /* JSStripper.swift in Sources */, 9E9C9B6F03B666D98644DA7B /* Support.swift in Sources */, 891D4BC965D803F7515561FE /* CarPlayManager.swift in Sources */, 271F435F3EAA56CC15CEAB5C /* NowPlayingManager.swift in Sources */, 2742406BDA7530C5743FE365 /* MuseMobileApp.swift in Sources */, D06B53B21C202DB4758AE266 /* DownloadManager.swift in Sources */, 69BA04438A124131C535BDA3 /* OfflineStore.swift in Sources */, EBA30B62F46DF40C1BFCD748 /* LocalProxyManager.swift in Sources */, DB6A57457EE711548364B68A /* MainView.swift in Sources */, 967FEA0E4AD014F34E315170 /* OfflineView.swift in Sources */, CB88502DFAF5F36D7DED0F29 /* RootView.swift in Sources */, 13297F2A9C3E4B738265A99B /* SettingsView.swift in Sources */, 468EA9DB34102CFB86C2B0D6 /* Updater.swift in Sources */, 9919265152C00A37315C2F2B /* AdBlocker.swift in Sources */, 53A7DFF3EB81967527C00BA5 /* AdIdStore.swift in Sources */, D5246EF94A5222DE8DF3BDDB /* InjectionLoader.swift in Sources */, 328027F2FEC2443985390F00 /* SpotifyWebView.swift in Sources */, 6525C282CD340432021535A2 /* ThemeJS.swift in Sources */, 4000A969FD502E3228D7CAC1 /* InnerTube.swift in Sources */, 344016842502A0E8213EC1E0 /* YTPlayerResolver.swift in Sources */,); runOnlyForDeploymentPostprocessing = 0; };
		7561BFB015D8F536760CB671 /* Frameworks */ = {isa = PBXFrameworksBuildPhase; buildActionMask = 2147483647; files = (); runOnlyForDeploymentPostprocessing = 0; };
		0189424A5A60FED329FA868E /* Resources */ = {isa = PBXResourcesBuildPhase; buildActionMask = 2147483647; files = (222F0DBFFE5EB23DCD3FD16F /* Assets.xcassets in Resources */, 83188E83B21F5DA7EA38BD7B /* __BridgeShim.js in Resources */, 3575FE275D3E3E99411C9238 /* Adblockify.js in Resources */, 295C862E0999F4CCA55F659B /* AdStateHook.js in Resources */, F49F6173DF9184A686C14EE4 /* AndroidAuto.js in Resources */, F1DED37C1F6743095E412F05 /* AndroidTracker.js in Resources */, 2E525A073A4699ED3532848B /* AutoFeatures.js in Resources */, 90B8996A756DB77C87B12CF3 /* BrowserSpoof.js in Resources */, 1A40F9B543CE53664F8D2934 /* ClassicBridge.js in Resources */, 31C1F7FEE51ECBD80577E702 /* ClassicLoginButton.js in Resources */, 0DA124E721533376C74C7853 /* CollectionDownload.js in Resources */, 51A24483B5E8FDDDB1642CB7 /* ContextMenuDownload.js in Resources */, 95C8803380229350C2744C53 /* CssHack.js in Resources */, 46928104ACCA04F65D171420 /* DownloadButton.js in Resources */, AE88677B5FB62F578F48F450 /* DownloadProgress.js in Resources */, AA173C32519DC98C7F5A3522 /* ErrorDialogRestyle.js in Resources */, 3EE7F96A93FFA7176B2CC941 /* FbGdprBypass.js in Resources */, 686E9C971CD24A94CD8799A0 /* FetchOverride.js in Resources */, EACD739CAAC903E91CE876EB /* GaBlocker.js in Resources */, 0D355A268C158083CC7EF38D /* GoogleSpoof.js in Resources */, C9AF4F20F5ECECC3258AF93B /* LibraryAutoClose.js in Resources */, 43CB6E91B925F2D9EFB991BC /* LibraryFetcher.js in Resources */, 0823763613055525990AB640 /* LibraryParser.js in Resources */, 341540F81811C052465EE59E /* LoginDetection.js in Resources */, 2B39EA99729562417AB5E10F /* LogoutCheck.js in Resources */, EC7EB8BDCD512587EBD33EE2 /* LyricsSyncFix.js in Resources */, C94AF0A2A8FD0EAF83583D8D /* MainLoop.js in Resources */, 2534CF3AE3875F8986052263 /* MediaUpdater.js in Resources */, 4CB37A99F1ECB9EB86629286 /* ModalFix.js in Resources */, 7244A08044A00ABB86EFEE13 /* MuseMobilePlayer.js in Resources */, B1554A4B7339F4DCA7D8F25A /* PlaybackControls.js in Resources */, D301CA0E2DAF746B3A4E1F8B /* PlayerCore.js in Resources */, EEA1D6D947155916A347742D /* PowerSave.js in Resources */, 10EA45521631569D5BE71997 /* QueueAutoClose.js in Resources */, 34AEE898F1E088405E04E17E /* SearchOverlay.js in Resources */, CEC2896A37CE8FA59F634E57 /* SettingsFix.js in Resources */, DA062E8520601C9BF4BEE4FB /* ToastFix.js in Resources */, C8A7A953D6083D8AB377F0B9 /* TrackObserver.js in Resources */, AC5714D59C1B6D2F8D0B76F2 /* VideoPark.js in Resources */, E6BF3D275DCF51E2CE724B56 /* WorkerNeutralize.js in Resources */, 943D8BF09B4FD7E26E597097 /* silent.wav in Resources */,); runOnlyForDeploymentPostprocessing = 0; };
		0E8A3AD980EC179856012B7E /* MuseMobileiOS */ = {isa = PBXNativeTarget; buildConfigurationList = 10353FFBA34E0D8DBB50FF00 /* Build configuration list for PBXNativeTarget "MuseMobileiOS" */; buildPhases = (BCE16DD0260827ECF338C787 /* Sources */, 7561BFB015D8F536760CB671 /* Frameworks */, 0189424A5A60FED329FA868E /* Resources */,); buildRules = (); dependencies = (); name = MuseMobileiOS; productName = MuseMobileiOS; productReference = 6D795F13C8C22E022040EE00 /* MuseMobileiOS.app */; productType = "com.apple.product-type.application"; };
		98F54143AB4E86B28C3AFEE0 /* Project object */ = {isa = PBXProject; attributes = {BuildIndependentTargetsInParallel = 1; LastSwiftUpdateCheck = 1500; LastUpgradeCheck = 1500; TargetAttributes = {0E8A3AD980EC179856012B7E = {CreatedOnToolsVersion = 15.0; };}; }; buildConfigurationList = C74034AE7265F595782FCC65 /* Build configuration list for PBXProject "MuseMobileiOS" */; compatibilityVersion = "Xcode 14.0"; developmentRegion = en; hasScannedForEncodings = 0; knownRegions = (en,); mainGroup = EDA6D6223944636B9C5B54AA; productRefGroup = 4FCFB17C3E55E8A168D5907F /* Products */; projectDirPath = ""; targets = (0E8A3AD980EC179856012B7E /* MuseMobileiOS */,); };
		81EF0B87F7311582A413F85B /* Debug */ = {isa = XCBuildConfiguration; buildSettings = {DEBUG_INFORMATION_FORMAT = "dwarf"; ENABLE_TESTABILITY = YES; GCC_DYNAMIC_NO_PIC = NO; GCC_OPTIMIZATION_LEVEL = 0; GCC_PREPROCESSOR_DEFINITIONS = ("DEBUG=1", "$(inherited)",); MTL_ENABLE_DEBUG_INFO = "INCLUDE_SOURCE"; ONLY_ACTIVE_ARCH = YES; SWIFT_ACTIVE_COMPILATION_CONDITIONS = "DEBUG"; SWIFT_OPTIMIZATION_LEVEL = "-Onone";}; name = Debug; };
		6CA505421E42DBA0E456489F /* Release */ = {isa = XCBuildConfiguration; buildSettings = {DEBUG_INFORMATION_FORMAT = "dwarf-with-dsym"; ENABLE_NS_ASSERTIONS = NO; MTL_ENABLE_DEBUG_INFO = NO; SWIFT_COMPILATION_MODE = "wholemodule"; SWIFT_OPTIMIZATION_LEVEL = "-O";}; name = Release; };
		753223D7C43D419B56801EA3 /* Debug */ = {isa = XCBuildConfiguration; buildSettings = {ASSETCATALOG_COMPILER_APPICON_NAME = "AppIcon"; CODE_SIGN_STYLE = "Automatic"; CURRENT_PROJECT_VERSION = 14; ENABLE_PREVIEWS = YES; INFOPLIST_FILE = "MuseMobileiOS/Info.plist"; IPHONEOS_DEPLOYMENT_TARGET = 16.0; LD_RUNPATH_SEARCH_PATHS = ("@executable_path/Frameworks",); MARKETING_VERSION = 1.1.4; PRODUCT_BUNDLE_IDENTIFIER = "com.musemobile.ios"; PRODUCT_NAME = "$(TARGET_NAME)"; SWIFT_EMIT_LOC_STRINGS = YES; SWIFT_VERSION = 5.0; TARGETED_DEVICE_FAMILY = 1,2; DEBUG_INFORMATION_FORMAT = "dwarf"; MTL_ENABLE_DEBUG_INFO = "INCLUDE_SOURCE"; SWIFT_ACTIVE_COMPILATION_CONDITIONS = "DEBUG"; SWIFT_OPTIMIZATION_LEVEL = "-Onone";}; name = Debug; };
		FD302D95624D72423D81F976 /* Release */ = {isa = XCBuildConfiguration; buildSettings = {ASSETCATALOG_COMPILER_APPICON_NAME = "AppIcon"; CODE_SIGN_STYLE = "Automatic"; CURRENT_PROJECT_VERSION = 14; ENABLE_PREVIEWS = YES; INFOPLIST_FILE = "MuseMobileiOS/Info.plist"; IPHONEOS_DEPLOYMENT_TARGET = 16.0; LD_RUNPATH_SEARCH_PATHS = ("@executable_path/Frameworks",); MARKETING_VERSION = 1.1.4; PRODUCT_BUNDLE_IDENTIFIER = "com.musemobile.ios"; PRODUCT_NAME = "$(TARGET_NAME)"; SWIFT_EMIT_LOC_STRINGS = YES; SWIFT_VERSION = 5.0; TARGETED_DEVICE_FAMILY = 1,2; DEBUG_INFORMATION_FORMAT = "dwarf-with-dsym"; MTL_ENABLE_DEBUG_INFO = NO; SWIFT_OPTIMIZATION_LEVEL = "-O"; SWIFT_COMPILATION_MODE = "wholemodule";}; name = Release; };
		C74034AE7265F595782FCC65 /* Build configuration list for PBXProject "MuseMobileiOS" */ = {isa = XCConfigurationList; buildConfigurations = (81EF0B87F7311582A413F85B /* Debug */, 6CA505421E42DBA0E456489F /* Release */,); defaultConfigurationIsVisible = 0; defaultConfigurationName = Release; };
		10353FFBA34E0D8DBB50FF00 /* Build configuration list for PBXNativeTarget "MuseMobileiOS" */ = {isa = XCConfigurationList; buildConfigurations = (753223D7C43D419B56801EA3 /* Debug */, FD302D95624D72423D81F976 /* Release */,); defaultConfigurationIsVisible = 0; defaultConfigurationName = Release; };
	};
	rootObject = 98F54143AB4E86B28C3AFEE0 /* Project object */;
}
